
Microsoft Visual Studio Solution File, Format Version 12.00
Project("{FAE04EC0-301F-11D3-BF4B-00C04F79EFBC}") = "NeoBalfolkDJ", "NeoBalfolkDJ\NeoBalfolkDJ.csproj", "{15F4ECF1-56A7-44C2-88A7-642A5D0E7FDA}"
EndProject
Global
	GlobalSection(SolutionConfigurationPlatforms) = preSolution
		Debug|Any CPU = Debug|Any CPU
		Release|Any CPU = Release|Any CPU
	EndGlobalSection
	GlobalSection(ProjectConfigurationPlatforms) = postSolution
		{15F4ECF1-56A7-44C2-88A7-642A5D0E7FDA}.Debug|Any CPU.ActiveCfg = Debug|Any CPU
		{15F4ECF1-56A7-44C2-88A7-642A5D0E7FDA}.Debug|Any CPU.Build.0 = Debug|Any CPU
		{15F4ECF1-56A7-44C2-88A7-642A5D0E7FDA}.Release|Any CPU.ActiveCfg = Release|Any CPU
		{15F4ECF1-56A7-44C2-88A7-642A5D0E7FDA}.Release|Any CPU.Build.0 = Release|Any CPU
	EndGlobalSection
EndGlobal
